github.com/aristanetworks/goarista v0.0.0-20250801095011-c009ccb12f2a h1:0ybIunmtQxKn2fmC14qMxgISgH7GzY5VlOAKEhS+zzY=
github.com/aristanetworks/goarista v0.0.0-20250801095011-c009ccb12f2a/go.mod h1:2wX1igJqod1Il+7gwdq37tGwrF/XCmxVdRgLJJfnpuQ=
github.com/davecgh/go-spew v1.1.1 h1:vj9j/u1bqnvCEfJOwUhtlOARqs3+rkHYY13jYWTU97c=
github.com/davecgh/go-spew v1.1.1/go.mod h1:J7Y8YcW2NihsgmVo/mv3lAwl/skON4iLHjSsI+c5H38=
github.com/ebitengine/purego v0.8.4 h1:CF7LEKg5FFOsASUj0+QwaXf8Ht6TlFxg09+S9wz0omw=
github.com/ebitengine/purego v0.8.4/go.mod h1:iIjxzd6CiRiOG0UyXP+V1+jWqUXVjPKLAI0mRfJZTmQ=
github.com/phuslu/log v1.0.119 h1:nAgPG0UdDHEKvfAFDo/IaEqyAHWXv8H+CjEmGm8e3xI=
github.com/phuslu/log v1.0.119/go.mod h1:F8osGJADo5qLK/0F88djWwdyoZZ9xDJQL1HYRHFEkS0=
github.com/pmezard/go-difflib v1.0.0 h1:4DBwDE0NGyQoBHbLQYPwSUPoCMWR5BEzIk/f1lZbAQM=
github.com/pmezard/go-difflib v1.0.0/go.mod h1:iKH77koFhYxTK1pcRnkKkqfTogsbg7gZNVY4sRDYZ/4=
github.com/smasher164/mem v0.0.0-20200311200026-6e9ed23f934d h1:mBNo8YH7ixGv5W5bC/lx2hP2zykqX8341+OkKjU2xAk=
github.com/smasher164/mem v0.0.0-20200311200026-6e9ed23f934d/go.mod h1:ra1FWopV+/zvI7SoWUugoWlwkSW22mWdxU0aW+eZVG8=
github.com/spf13/pflag v1.0.9 h1:9exaQaMOCwffKiiiYk6/BndUBv+iRViNW+4lEMi0PvY=
github.com/spf13/pflag v1.0.9/go.mod h1:McXfInJRrz4CZXVZOBLb0bTZqETkiAhM9Iw0y3An2Bg=
github.com/stretchr/testify v1.10.0 h1:Xv5erBjTwe/5IxqUQTdXv5kgmIvbHo3QQyRwhJsOfJA=
github.com/stretchr/testify v1.10.0/go.mod h1:r2ic/lqez/lEtzL7wO/rwa5dbSLXVDPFyf8C91i36aY=
go.yuchanns.xyz/lua v0.0.0-20250903131653-cb6ae62cecde h1:POsZWL9MvCDf9+V4TyIWQETKeC0Ko6TIfIFSiArJ4cI=
go.yuchanns.xyz/lua v0.0.0-20250903131653-cb6ae62cecde/go.mod h1:N0mJum5yuk1tszlcVuZ1v/+31IUuOOng2oQ8eyPMVI8=
go.yuchanns.xyz/timefall v0.1.0 h1:LGRBPW8qXeGQFWLFN2esns6x2pe12QxM/MIGou4qoBU=
go.yuchanns.xyz/timefall v0.1.0/go.mod h1:23LIkzY6IqM8GxLglCVpaPAyZ3u77seVezRB6g9moHc=
go.yuchanns.xyz/xxchan v0.1.0 h1:0ZjPsmoYPqWHPm5siMMjLai9XYv8kUt06l0WCBYR5BA=
go.yuchanns.xyz/xxchan v0.1.0/go.mod h1:GnRPr1zN3Me0NDQNv734GzC9c48AVkWTFPpZHsGd8eU=
go.yuchanns.xyz/xxcond v0.1.0 h1:/Ho8r0cbz/4o3F9JPFUgmGQ1HxArbPReCOUmnqzlOW4=
go.yuchanns.xyz/xxcond v0.1.0/go.mod h1:0DEH15X7Yo9WZwEHQnroC7WdnWb+Rbf9PWnADr2rmZM=
golang.org/x/sys v0.0.0-20191113165036-4c7a9d0fe056/go.mod h1:h1NjWce9XRLGQEsW7wpKNCjG9DtNlClVuFLEZdDNbEs=
golang.org/x/sys v0.35.0 h1:vz1N37gP5bs89s7He8XuIYXpyY0+QlsKmzipCbUtyxI=
golang.org/x/sys v0.35.0/go.mod h1:BJP2sWEmIv4KK5OTEluFJCKSidICx8ciO85XgH3Ak8k=
gopkg.in/check.v1 v0.0.0-20161208181325-20d25e280405 h1:yhCVgyC4o1eVCa2tZl7eS0r+SDo693bJlVdllGtEeKM=
gopkg.in/check.v1 v0.0.0-20161208181325-20d25e280405/go.mod h1:Co6ibVJAznAaIkqp8huTwlJQCZ016jof/cbN4VW5Yz0=
gopkg.in/yaml.v3 v3.0.1 h1:fxVm/GzAzEWqLHuvctI91KS9hhNmmWOoWu0XTYJS7CA=
gopkg.in/yaml.v3 v3.0.1/go.mod h1:K4uyk7z7BCEPqu6E+C64Yfv1cQ7kz7rIZviUmN+EgEM=
